
Microsoft Visual Studio Solution File, Format Version 12.00
# Visual Studio 15
VisualStudioVersion = 15.0.28307.421
MinimumVisualStudioVersion = 10.0.40219.1
Project("{FAE04EC0-301F-11D3-BF4B-00C04F79EFBC}") = "OtelOtomasyonu", "OthelOtomasyonu\OtelOtomasyonu.csproj", "{78AEAC78-130F-427A-AE27-871EAA394365}"
EndProject
Global
	GlobalSection(SolutionConfigurationPlatforms) = preSolution
		Debug|Any CPU = Debug|Any CPU
		Release|Any CPU = Release|Any CPU
	EndGlobalSection
	GlobalSection(ProjectConfigurationPlatforms) = postSolution
		{78AEAC78-130F-427A-AE27-871EAA394365}.Debug|Any CPU.ActiveCfg = Debug|Any CPU
		{78AEAC78-130F-427A-AE27-871EAA394365}.Debug|Any CPU.Build.0 = Debug|Any CPU
		{78AEAC78-130F-427A-AE27-871EAA394365}.Release|Any CPU.ActiveCfg = Release|Any CPU
		{78AEAC78-130F-427A-AE27-871EAA394365}.Release|Any CPU.Build.0 = Release|Any CPU
	EndGlobalSection
	GlobalSection(SolutionProperties) = preSolution
		HideSolutionNode = FALSE
	EndGlobalSection
	GlobalSection(ExtensibilityGlobals) = postSolution
		SolutionGuid = {D34ED0D1-684C-4B19-A70A-0B2E958EB27D}
	EndGlobalSection
EndGlobal
